
Microsoft Visual Studio Solution File, Format Version 12.00
# Visual Studio Version 17
VisualStudioVersion = 17.14.36623.8 d17.14
MinimumVisualStudioVersion = 10.0.40219.1
Project("{FAE04EC0-301F-11D3-BF4B-00C04F79EFBC}") = "ConsoleProject", "ConsoleProject\ConsoleProject.csproj", "{29F0CA0F-C034-4482-B1DD-D332AE4E46FF}"
EndProject
Global
	GlobalSection(SolutionConfigurationPlatforms) = preSolution
		Debug|Any CPU = Debug|Any CPU
		Release|Any CPU = Release|Any CPU
	EndGlobalSection
	GlobalSection(ProjectConfigurationPlatforms) = postSolution
		{29F0CA0F-C034-4482-B1DD-D332AE4E46FF}.Debug|Any CPU.ActiveCfg = Debug|Any CPU
		{29F0CA0F-C034-4482-B1DD-D332AE4E46FF}.Debug|Any CPU.Build.0 = Debug|Any CPU
		{29F0CA0F-C034-4482-B1DD-D332AE4E46FF}.Release|Any CPU.ActiveCfg = Release|Any CPU
		{29F0CA0F-C034-4482-B1DD-D332AE4E46FF}.Release|Any CPU.Build.0 = Release|Any CPU
	EndGlobalSection
	GlobalSection(SolutionProperties) = preSolution
		HideSolutionNode = FALSE
	EndGlobalSection
	GlobalSection(ExtensibilityGlobals) = postSolution
		SolutionGuid = {A4E19AD7-A7F4-4D21-B98E-A3AE09246505}
	EndGlobalSection
EndGlobal
